
Microsoft Visual Studio Solution File, Format Version 12.00
# Visual Studio Version 17
VisualStudioVersion = 17.14.36121.58 d17.14
MinimumVisualStudioVersion = 10.0.40219.1
Project("{FAE04EC0-301F-11D3-BF4B-00C04F79EFBC}") = "TaskManagement.API", "TaskManagement.API.csproj", "{3D90EFB2-AF86-1FD9-4438-7D87DA8C7BED}"
EndProject
Global
	GlobalSection(SolutionConfigurationPlatforms) = preSolution
		Debug|Any CPU = Debug|Any CPU
		Release|Any CPU = Release|Any CPU
	EndGlobalSection
	GlobalSection(ProjectConfigurationPlatforms) = postSolution
		{3D90EFB2-AF86-1FD9-4438-7D87DA8C7BED}.Debug|Any CPU.ActiveCfg = Debug|Any CPU
		{3D90EFB2-AF86-1FD9-4438-7D87DA8C7BED}.Debug|Any CPU.Build.0 = Debug|Any CPU
		{3D90EFB2-AF86-1FD9-4438-7D87DA8C7BED}.Release|Any CPU.ActiveCfg = Release|Any CPU
		{3D90EFB2-AF86-1FD9-4438-7D87DA8C7BED}.Release|Any CPU.Build.0 = Release|Any CPU
	EndGlobalSection
	GlobalSection(SolutionProperties) = preSolution
		HideSolutionNode = FALSE
	EndGlobalSection
	GlobalSection(ExtensibilityGlobals) = postSolution
		SolutionGuid = {AE6F809C-9346-4EA0-9E5A-EA4AB8E4E23D}
	EndGlobalSection
EndGlobal
